lockfileVersion: 5.3

specifiers:
  '@alloc/is': ^2.1.1
  '@alloc/is-dev': ^1.2.2
  '@alloc/types': ^1.2.6
  '@ople/agent': link:../agent
  '@ople/nason': link:../nason
  ee-ts: ^2.0.0-rc.6
  tiny-invariant: ^1.1.0
  ts-deferred: ^1.0.4
  uid: ^2.0.0
  wana: ^0.14.0

dependencies:
  '@alloc/is': 2.1.2
  '@alloc/is-dev': 1.2.2
  '@alloc/types': 1.3.0
  '@ople/agent': link:../agent
  '@ople/nason': link:../nason
  ee-ts: 2.0.0-rc.6
  tiny-invariant: 1.1.0
  ts-deferred: 1.0.4
  uid: 2.0.0
  wana: 0.14.1

packages:

  /@alloc/is-dev/1.2.2:
    resolution: {integrity: sha512-EkpBVIODXFYUWxou3xJmRD+bmwYTOYMShG0tswjZ6uv0k7INOzXzp/uyjOdSZ4K9ygp8mNCLOxjCkiRfd7TDYA==}
    dev: false

  /@alloc/is-dev/1.3.1:
    resolution: {integrity: sha512-i44CFLu5zYQvxyCp3bnEeWvFXPP5mLDgG6AOFEOM6+OfwtrmnzCmubgTnOLok/EXlltgK1qwKNAmTT3SwCHEbg==}
    dev: false

  /@alloc/is/2.1.2:
    resolution: {integrity: sha512-/qJui7XCIMEDOzpMPZUXYTy4hHdBKsx6sQnSDIOw8cFW/BL4AqZSt0B/DkB+eW9PDa0zD27zp7jyziQfeaYycQ==}
    dev: false

  /@alloc/is/3.1.1:
    resolution: {integrity: sha512-V6u16s1IfbygA3PbvSSJ457G0p5HeTEe9jEvx5/td92m7IWpZEwciwA4Qj8gNH5+r+xMHR7xuXkfFpPWxUja2Q==}
    dev: false

  /@alloc/queue-microtask/1.1.5:
    resolution: {integrity: sha512-+11mLrN7Xu9a9uU0fdsZICVDi8vhxtqxaqX+nPyPXmrDJBPUqKc34aJak8KEdjkhhGFTuqs8ZiiuwP423Do14w==}
    dev: false

  /@alloc/types/1.3.0:
    resolution: {integrity: sha512-mH7LiFiq9g6rX2tvt1LtwsclfG5hnsmtIfkZiauAGrm1AwXhoRS0sF2WrN9JGN7eV5vFXqNaB0eXZ3IvMsVi9g==}
    dev: false

  /@lukeed/csprng/1.0.0:
    resolution: {integrity: sha512-ruuGHsnabmObBdeMg3vKdGRmh06Oog3eFpf/Tk6X0kDSJDpJTDCj2dqdp1+0VjzIUgHlFF9GBm7uFqfYhhdX9g==}
    engines: {node: '>=8'}
    dev: false

  /ee-ts/2.0.0-rc.6:
    resolution: {integrity: sha512-n52lYxRqYqJhw5b7iol1NHHaz/hShlwKby2bhMM+/QePMe3rpV8F5lL96j678uOHtYirEHUoYP9GhKKhQVk+hQ==}
    engines: {node: '>=6'}
    peerDependencies:
      typescript: '>=3'
    dev: false

  /react-batched-updates/1.1.0:
    resolution: {integrity: sha512-oE8oMUKp4oPfJz0NS7+2wYxW2bnih2BynbXMgyNwtoJhs48bEcpoXG2b/Jy0FUddHHZOpUGkwgc4S04TecfA1A==}
    dev: false

  /react-layout-effect/1.0.5:
    resolution: {integrity: sha512-zdRXHuch+OBHU6bvjTelOGUCM+UDr/iCY+c0wXLEAc+G4/FlcJruD/hUOzlKH5XgO90Y/BUJPNhI/g9kl+VAsA==}
    peerDependencies:
      react: '>=16.8'
    dev: false

  /tiny-invariant/1.1.0:
    resolution: {integrity: sha512-ytxQvrb1cPc9WBEI/HSeYYoGD0kWnGEOR8RY6KomWLBVhqz0RgTwVO9dLrGz7dC+nN9llyI7OKAgRq8Vq4ZBSw==}
    dev: false

  /ts-deferred/1.0.4:
    resolution: {integrity: sha1-WBReuu71uPKikLjOw9Bgg5+Uicc=}
    dev: false

  /uid/2.0.0:
    resolution: {integrity: sha512-hFw+zKBA1szYdbZWj6FjTxZzJnKNf+wTDcsxlJaXS64MCy9LQEmJUVieGYHCKek/WRyFIcs0cEXtGIQmfvHe2A==}
    engines: {node: '>=8'}
    dependencies:
      '@lukeed/csprng': 1.0.0
    dev: false

  /use-memo-one/1.1.2:
    resolution: {integrity: sha512-u2qFKtxLsia/r8qG0ZKkbytbztzRb317XCkT7yP8wxL0tZ/CzK2G+WWie5vWvpyeP7+YoPIwbJoIHJ4Ba4k0oQ==}
    peerDependencies:
      react: ^16.8.0 || ^17.0.0
    dev: false

  /wana/0.14.1:
    resolution: {integrity: sha512-LhU0XttaRAGjea5Er+A9hHMqqaJ0UCsr02Yi3GnqztCBCCPHR7SLkysBHqMdvKoDOZFb1vHfIjIYTLUE2u6/1Q==}
    peerDependencies:
      react: '>=16.9'
    dependencies:
      '@alloc/is': 3.1.1
      '@alloc/is-dev': 1.3.1
      '@alloc/queue-microtask': 1.1.5
      react-batched-updates: 1.1.0
      react-layout-effect: 1.0.5
      use-memo-one: 1.1.2
    dev: false
