lockfileVersion: 5.3

specifiers:
  '@ople/client': link:../../../packages/client
  '@types/source-map-support': ^0.5.4
  '@types/ws': ^7.4.7
  source-map-support: ^0.5.19
  ws: ^8.2.1

dependencies:
  '@ople/client': link:../../../packages/client
  source-map-support: 0.5.19
  ws: 8.2.1

devDependencies:
  '@types/source-map-support': 0.5.4
  '@types/ws': 7.4.7

packages:

  /@types/node/16.7.10:
    resolution: {integrity: sha512-S63Dlv4zIPb8x6MMTgDq5WWRJQe56iBEY0O3SOFA9JrRienkOVDXSXBjjJw6HTNQYSE2JI6GMCR6LVbIMHJVvA==}
    dev: true

  /@types/source-map-support/0.5.4:
    resolution: {integrity: sha512-9zGujX1sOPg32XLyfgEB/0G9ZnrjthL/Iv1ZfuAjj8LEilHZEpQSQs1scpRXPhHzGYgWiLz9ldF1cI8JhL+yMw==}
    dependencies:
      source-map: 0.6.1
    dev: true

  /@types/ws/7.4.7:
    resolution: {integrity: sha512-JQbbmxZTZehdc2iszGKs5oC3NFnjeay7mtAWrdt7qNtAVK0g19muApzAy4bm9byz79xa2ZnO/BOBC2R8RC5Lww==}
    dependencies:
      '@types/node': 16.7.10
    dev: true

  /buffer-from/1.1.2:
    resolution: {integrity: sha512-E+XQCRwSbaaiChtv6k6Dwgc+bx+Bs6vuKJHHl5kox/BaKbhiXzqQOwK4cO22yElGp2OCmjwVhT3HmxgyPGnJfQ==}
    dev: false

  /source-map-support/0.5.19:
    resolution: {integrity: sha512-Wonm7zOCIJzBGQdB+thsPar0kYuCIzYvxZwlBa87yi/Mdjv7Tip2cyVbLj5o0cFPN4EVkuTwb3GDDyUx2DGnGw==}
    dependencies:
      buffer-from: 1.1.2
      source-map: 0.6.1
    dev: false

  /source-map/0.6.1:
    resolution: {integrity: sha512-UjgapumWlbMhkBgzT7Ykc5YXUT46F0iKu8SGXq0bcwP5dz/h0Plj6enJqjz1Zbq2l5WaqYnrVbwWOWMyF3F47g==}
    engines: {node: '>=0.10.0'}

  /ws/8.2.1:
    resolution: {integrity: sha512-XkgWpJU3sHU7gX8f13NqTn6KQ85bd1WU7noBHTT8fSohx7OS1TPY8k+cyRPCzFkia7C4mM229yeHr1qK9sM4JQ==}
    engines: {node: '>=10.0.0'}
    peerDependencies:
      bufferutil: ^4.0.1
      utf-8-validate: ^5.0.2
    peerDependenciesMeta:
      bufferutil:
        optional: true
      utf-8-validate:
        optional: true
    dev: false
