lockfileVersion: 5.3

specifiers:
  '@ople/nason': link:../nason
  queue-microtask: npm:@alloc/queue-microtask@^1.1.4

dependencies:
  '@ople/nason': link:../nason
  queue-microtask: /@alloc/queue-microtask/1.1.5

packages:

  /@alloc/queue-microtask/1.1.5:
    resolution: {integrity: sha512-+11mLrN7Xu9a9uU0fdsZICVDi8vhxtqxaqX+nPyPXmrDJBPUqKc34aJak8KEdjkhhGFTuqs8ZiiuwP423Do14w==}
    dev: false
