lockfileVersion: 5.3

specifiers:
  fauna-lite: '*'
  queue-microtask: npm:@alloc/queue-microtask@^1.1.4
  ts-deferred: ^1.0.4
  uid: ^2.0.0

dependencies:
  fauna-lite: 0.1.1
  queue-microtask: /@alloc/queue-microtask/1.1.4
  ts-deferred: 1.0.4
  uid: 2.0.0

packages:

  /@alloc/is/2.1.2:
    resolution: {integrity: sha512-/qJui7XCIMEDOzpMPZUXYTy4hHdBKsx6sQnSDIOw8cFW/BL4AqZSt0B/DkB+eW9PDa0zD27zp7jyziQfeaYycQ==}
    dev: false

  /@alloc/queue-microtask/1.1.4:
    resolution: {integrity: sha512-RQ73vSCZyYWoCORvA5rT/Xg99Zt+MyRhoVhYY2Xm/lXAyx5nsWCPB3xDiS+3fmll3iZ3tDHmtOdiCBX8n2RdVg==}
    dev: false

  /@lukeed/csprng/1.0.0:
    resolution: {integrity: sha512-ruuGHsnabmObBdeMg3vKdGRmh06Oog3eFpf/Tk6X0kDSJDpJTDCj2dqdp1+0VjzIUgHlFF9GBm7uFqfYhhdX9g==}
    engines: {node: '>=8'}
    dev: false

  /fauna-lite/0.1.1:
    resolution: {integrity: sha512-j7wFWu1c3qsWcpbcng+Qb3stMaK6j3PiT1PKg7X4mM9kPl0Go16wAdEcYcNNY679VaVRgsg+SuacNVL/DJYEyg==}
    dependencies:
      '@alloc/is': 2.1.2
    dev: false

  /ts-deferred/1.0.4:
    resolution: {integrity: sha1-WBReuu71uPKikLjOw9Bgg5+Uicc=}
    dev: false

  /uid/2.0.0:
    resolution: {integrity: sha512-hFw+zKBA1szYdbZWj6FjTxZzJnKNf+wTDcsxlJaXS64MCy9LQEmJUVieGYHCKek/WRyFIcs0cEXtGIQmfvHe2A==}
    engines: {node: '>=8'}
    dependencies:
      '@lukeed/csprng': 1.0.0
    dev: false
