dependencies:
  fauna-lite: link:../../vendor/fauna-lite
  nason: 1.2.0
lockfileVersion: 5.2
packages:
  /nason/1.2.0:
    dev: false
    resolution:
      integrity: sha512-DxpgnY1XAwYRxuQshluHajyy+rql1pikWeRvVFezXYqswLVEwrZiqhq931LChf+UEOThA7WL+yw/PDHicKgIpQ==
specifiers:
  fauna-lite: ^0.1.1
  nason: ^1.2.0
