dependencies:
  '@cush/exec': 1.6.4
  '@ople/config': link:../config
  ansi-italic: 0.1.1
  cac: 6.7.1
  chokidar: 3.5.1
  debounce: 1.2.0
  dedent: 0.7.0
  enquirer: 2.3.6
  is: /@alloc/is/2.1.2
  lodge: 0.1.7
  saxon: 0.2.10
  smart-restart: 2.5.0
  source-map-support: 0.5.19
  sucrase: 3.17.1
  ts-morph: 7.3.0
  uid: 1.0.0
devDependencies:
  '@types/debounce': 1.2.0
  '@types/dedent': 0.7.0
  '@types/node': 14.14.27
  '@types/prettier': 2.2.0
  '@types/source-map-support': 0.5.3
lockfileVersion: 5.2
packages:
  /@alloc/is/2.1.2:
    dev: false
    resolution:
      integrity: sha512-/qJui7XCIMEDOzpMPZUXYTy4hHdBKsx6sQnSDIOw8cFW/BL4AqZSt0B/DkB+eW9PDa0zD27zp7jyziQfeaYycQ==
  /@cush/exec/1.6.4:
    dependencies:
      shell-quote: 1.7.2
      type-error: 1.0.3
    dev: false
    resolution:
      integrity: sha512-fTP33B643TztazcMocteQJWFCLYzHznxVUdY/epsWm7/WfXF/QoSG+zXQ4AfwiBRuN5m0mgQ3pKmLRkdKnJrjQ==
  /@dsherret/to-absolute-glob/2.0.2:
    dependencies:
      is-absolute: 1.0.0
      is-negated-glob: 1.0.0
    dev: false
    engines:
      node: '>=0.10.0'
    resolution:
      integrity: sha1-H2R13IvZdM6gei2vOGSzF7HdMyw=
  /@nodelib/fs.scandir/2.1.4:
    dependencies:
      '@nodelib/fs.stat': 2.0.4
      run-parallel: 1.2.0
    dev: false
    engines:
      node: '>= 8'
    resolution:
      integrity: sha512-33g3pMJk3bg5nXbL/+CY6I2eJDzZAni49PfJnL5fghPTggPvBd/pFNSgJsdAgWptuFu7qq/ERvOYFlhvsLTCKA==
  /@nodelib/fs.stat/2.0.4:
    dev: false
    engines:
      node: '>= 8'
    resolution:
      integrity: sha512-IYlHJA0clt2+Vg7bccq+TzRdJvv19c2INqBSsoOLp1je7xjtr7J26+WXR72MCdvU9q1qTzIWDfhMf+DRvQJK4Q==
  /@nodelib/fs.walk/1.2.6:
    dependencies:
      '@nodelib/fs.scandir': 2.1.4
      fastq: 1.10.1
    dev: false
    engines:
      node: '>= 8'
    resolution:
      integrity: sha512-8Broas6vTtW4GIXTAHDoE32hnN2M5ykgCpWGbuXHQ15vEMqr23pB76e/GZcYsZCHALv50ktd24qhEyKr6wBtow==
  /@ts-morph/common/0.5.2:
    dependencies:
      '@dsherret/to-absolute-glob': 2.0.2
      fast-glob: 3.2.5
      fs-extra: 9.1.0
      is-negated-glob: 1.0.0
      multimatch: 4.0.0
      typescript: 3.9.9
    dev: false
    resolution:
      integrity: sha512-eLmfYV6u6gUgHrB9QV9lpuWg3cD60mhXdv0jvM5exWR/Cor8HG+GziFIj2hPEWHJknqzuU4meZd8DTqIzZfDRQ==
  /@types/debounce/1.2.0:
    dev: true
    resolution:
      integrity: sha512-bWG5wapaWgbss9E238T0R6bfo5Fh3OkeoSt245CM7JJwVwpw6MEBCbIxLq5z8KzsE3uJhzcIuQkyiZmzV3M/Dw==
  /@types/dedent/0.7.0:
    dev: true
    resolution:
      integrity: sha512-EGlKlgMhnLt/cM4DbUSafFdrkeJoC9Mvnj0PUCU7tFmTjMjNRT957kXCx0wYm3JuEq4o4ZsS5vG+NlkM2DMd2A==
  /@types/minimatch/3.0.3:
    dev: false
    resolution:
      integrity: sha512-tHq6qdbT9U1IRSGf14CL0pUlULksvY9OZ+5eEgl1N7t+OA3tGvNpxJCzuKQlsNgCVwbAs670L1vcVQi8j9HjnA==
  /@types/node/14.14.27:
    dev: true
    resolution:
      integrity: sha512-Ecfmo4YDQPwuqTCl1yBxLV5ihKfRlkBmzUEDcfIRvDxOTGQEeikr317Ln7Gcv0tjA8dVgKI3rniqW2G1OyKDng==
  /@types/prettier/2.2.0:
    dev: true
    resolution:
      integrity: sha512-O3SQC6+6AySHwrspYn2UvC6tjo6jCTMMmylxZUFhE1CulVu5l3AxU6ca9lrJDTQDVllF62LIxVSx5fuYL6LiZg==
  /@types/source-map-support/0.5.3:
    dependencies:
      source-map: 0.6.1
    dev: true
    resolution:
      integrity: sha512-fvjMjVH8Rmokw2dWh1dkj90iX5R8FPjeZzjNH+6eFXReh0QnHFf1YBl3B0CF0RohIAA3SDRJsGeeUWKl6d7HqA==
  /ansi-colors/4.1.1:
    dev: false
    engines:
      node: '>=6'
    resolution:
      integrity: sha512-JoX0apGbHaUJBNl6yF+p6JAFYZ666/hhCGKN5t9QFjbJQKUU/g8MNbFDbvfrgKXvI1QpZplPOnwIo99lX/AAmA==
  /ansi-italic/0.1.1:
    dependencies:
      ansi-wrap: 0.1.0
    dev: false
    engines:
      node: '>=0.10.0'
    resolution:
      integrity: sha1-EEdDRj9iXBQqA2c5z4XtpoiYbyM=
  /ansi-styles/3.2.1:
    dependencies:
      color-convert: 1.9.3
    dev: false
    engines:
      node: '>=4'
    resolution:
      integrity: sha512-VT0ZI6kZRdTh8YyJw3SMbYm/u+NqfsAxEpWO0Pf9sq8/e94WxxOpPKx9FR1FlyCtOVDNOQ+8ntlqFxiRc+r5qA==
  /ansi-wrap/0.1.0:
    dev: false
    engines:
      node: '>=0.10.0'
    resolution:
      integrity: sha1-qCJQ3bABXponyoLoLqYDu/pF768=
  /any-promise/1.3.0:
    dev: false
    resolution:
      integrity: sha1-q8av7tzqUugJzcA3au0845Y10X8=
  /anymatch/2.0.0:
    dependencies:
      micromatch: 3.1.10
      normalize-path: 2.1.1
    dev: false
    resolution:
      integrity: sha512-5teOsQWABXHHBFP9y3skS5P3d/WfWXpv3FUpy+LorMrNYaT9pI4oLMQX7jzQ2KklNpGpWHzdCXTDT2Y3XGlZBw==
  /anymatch/3.1.1:
    dependencies:
      normalize-path: 3.0.0
      picomatch: 2.2.2
    dev: false
    engines:
      node: '>= 8'
    resolution:
      integrity: sha512-mM8522psRCqzV+6LhomX5wgp25YVibjh8Wj23I5RPkPppSVSjyKD2A2mBJmWGa+KN7f2D6LNh9jkBCeyLktzjg==
  /arr-diff/4.0.0:
    dev: false
    engines:
      node: '>=0.10.0'
    resolution:
      integrity: sha1-1kYQdP6/7HHn4VI1dhoyml3HxSA=
  /arr-flatten/1.1.0:
    dev: false
    engines:
      node: '>=0.10.0'
    resolution:
      integrity: sha512-L3hKV5R/p5o81R7O02IGnwpDmkp6E982XhtbuwSe3O4qOtMMMtodicASA1Cny2U+aCXcNpml+m4dPsvsJ3jatg==
  /arr-union/3.1.0:
    dev: false
    engines:
      node: '>=0.10.0'
    resolution:
      integrity: sha1-45sJrqne+Gao8gbiiK9jkZuuOcQ=
  /array-differ/3.0.0:
    dev: false
    engines:
      node: '>=8'
    resolution:
      integrity: sha512-THtfYS6KtME/yIAhKjZ2ul7XI96lQGHRputJQHO80LAWQnuGP4iCIN8vdMRboGbIEYBwU33q8Tch1os2+X0kMg==
  /array-union/2.1.0:
    dev: false
    engines:
      node: '>=8'
    resolution:
      integrity: sha512-HGyxoOTYUyCM6stUe6EJgnd4EoewAI7zMdfqO+kGjnlZmBDz/cR5pf8r/cR4Wq60sL/p0IkcjUEEPwS3GFrIyw==
  /array-unique/0.3.2:
    dev: false
    engines:
      node: '>=0.10.0'
    resolution:
      integrity: sha1-qJS3XUvE9s1nnvMkSp/Y9Gri1Cg=
  /arrify/2.0.1:
    dev: false
    engines:
      node: '>=8'
    resolution:
      integrity: sha512-3duEwti880xqi4eAMN8AyR4a0ByT90zoYdLlevfrvU43vb0YZwZVfxOgxWrLXXXpyugL0hNZc9G6BiB5B3nUug==
  /assign-symbols/1.0.0:
    dev: false
    engines:
      node: '>=0.10.0'
    resolution:
      integrity: sha1-WWZ/QfrdTyDMvCu5a41Pf3jsA2c=
  /async-each/1.0.3:
    dev: false
    resolution:
      integrity: sha512-z/WhQ5FPySLdvREByI2vZiTWwCnF0moMJ1hK9YQwDTHKh6I7/uSckMetoRGb5UBZPC1z0jlw+n/XCgjeH7y1AQ==
  /at-least-node/1.0.0:
    dev: false
    engines:
      node: '>= 4.0.0'
    resolution:
      integrity: sha512-+q/t7Ekv1EDY2l6Gda6LLiX14rU9TV20Wa3ofeQmwPFZbOMo9DXrLbOjFaaclkXKWidIaopwAObQDqwWtGUjqg==
  /atob/2.1.2:
    dev: false
    engines:
      node: '>= 4.5.0'
    hasBin: true
    resolution:
      integrity: sha512-Wm6ukoaOGJi/73p/cl2GvLjTI5JM1k/O14isD73YML8StrH/7/lRFgmg8nICZgD3bZZvjwCGxtMOD3wWNAu8cg==
  /balanced-match/1.0.0:
    dev: false
    resolution:
      integrity: sha1-ibTRmasr7kneFk6gK4nORi1xt2c=
  /base/0.11.2:
    dependencies:
      cache-base: 1.0.1
      class-utils: 0.3.6
      component-emitter: 1.3.0
      define-property: 1.0.0
      isobject: 3.0.1
      mixin-deep: 1.3.2
      pascalcase: 0.1.1
    dev: false
    engines:
      node: '>=0.10.0'
    resolution:
      integrity: sha512-5T6P4xPgpp0YDFvSWwEZ4NoE3aM4QBQXDzmVbraCkFj8zHM+mba8SyqB5DbZWyR7mYHo6Y7BdQo3MoA4m0TeQg==
  /binary-extensions/1.13.1:
    dev: false
    engines:
      node: '>=0.10.0'
    resolution:
      integrity: sha512-Un7MIEDdUC5gNpcGDV97op1Ywk748MpHcFTHoYs6qnj1Z3j7I53VG3nwZhKzoBZmbdRNnb6WRdFlwl7tSDuZGw==
  /binary-extensions/2.2.0:
    dev: false
    engines:
      node: '>=8'
    resolution:
      integrity: sha512-jDctJ/IVQbZoJykoeHbhXpOlNBqGNcwXJKJog42E5HDPUwQTSdjCHdihjj0DlnheQ7blbT6dHOafNAiS8ooQKA==
  /bindings/1.5.0:
    dependencies:
      file-uri-to-path: 1.0.0
    dev: false
    optional: true
    resolution:
      integrity: sha512-p2q/t/mhvuOj/UeLlV6566GD/guowlr0hHxClI0W9m7MWYkL1F0hLo+0Aexs9HSPCtR1SXQ0TD3MMKrXZajbiQ==
  /brace-expansion/1.1.11:
    dependencies:
      balanced-match: 1.0.0
      concat-map: 0.0.1
    dev: false
    resolution:
      integrity: sha512-iCuPHDFgrHX7H2vEI/5xpz07zSHB00TpugqhmYtVmMO6518mCuRMoOYFldEBl0g187ufozdaHgWKcYFb61qGiA==
  /braces/2.3.2:
    dependencies:
      arr-flatten: 1.1.0
      array-unique: 0.3.2
      extend-shallow: 2.0.1
      fill-range: 4.0.0
      isobject: 3.0.1
      repeat-element: 1.1.3
      snapdragon: 0.8.2
      snapdragon-node: 2.1.1
      split-string: 3.1.0
      to-regex: 3.0.2
    dev: false
    engines:
      node: '>=0.10.0'
    resolution:
      integrity: sha512-aNdbnj9P8PjdXU4ybaWLK2IF3jc/EoDYbC7AazW6to3TRsfXxscC9UXOB5iDiEQrkyIbWp2SLQda4+QAa7nc3w==
  /braces/3.0.2:
    dependencies:
      fill-range: 7.0.1
    dev: false
    engines:
      node: '>=8'
    resolution:
      integrity: sha512-b8um+L1RzM3WDSzvhm6gIz1yfTbBt6YTlcEKAvsmqCZZFw46z626lVj9j1yEPW33H5H+lBQpZMP1k8l+78Ha0A==
  /buffer-from/1.1.1:
    dev: false
    resolution:
      integrity: sha512-MQcXEUbCKtEo7bhqEs6560Hyd4XaovZlO/k9V3hjVUF/zwW7KBVdSK4gIt/bzwS9MbR5qob+F5jusZsb0YQK2A==
  /cac/6.7.1:
    dev: false
    engines:
      node: '>=8'
    resolution:
      integrity: sha512-LfGt47+ugCY65W4yUEyxnZKd/tJSBJD/gUAxQGiQjH7yqdhbaX2XN0Rli4+0W0DJiDONmYeh0TlJxMtXGZspIg==
  /cache-base/1.0.1:
    dependencies:
      collection-visit: 1.0.0
      component-emitter: 1.3.0
      get-value: 2.0.6
      has-value: 1.0.0
      isobject: 3.0.1
      set-value: 2.0.1
      to-object-path: 0.3.0
      union-value: 1.0.1
      unset-value: 1.0.0
    dev: false
    engines:
      node: '>=0.10.0'
    resolution:
      integrity: sha512-AKcdTnFSWATd5/GCPRxr2ChwIJ85CeyrEyjRHlKxQ56d4XJMGym0uAiKn0xbLOGOl3+yRpOTi484dVCEc5AUzQ==
  /chalk/2.4.2:
    dependencies:
      ansi-styles: 3.2.1
      escape-string-regexp: 1.0.5
      supports-color: 5.5.0
    dev: false
    engines:
      node: '>=4'
    resolution:
      integrity: sha512-Mti+f9lpJNcwF4tWV8/OrTTtF1gZi+f8FqlyAdouralcFWFQWF2+NgCHShjkCb+IFBLq9buZwE1xckQU4peSuQ==
  /chokidar/2.1.8:
    dependencies:
      anymatch: 2.0.0
      async-each: 1.0.3
      braces: 2.3.2
      glob-parent: 3.1.0
      inherits: 2.0.4
      is-binary-path: 1.0.1
      is-glob: 4.0.1
      normalize-path: 3.0.0
      path-is-absolute: 1.0.1
      readdirp: 2.2.1
      upath: 1.2.0
    deprecated: Chokidar 2 will break on node v14+. Upgrade to chokidar 3 with 15x less dependencies.
    dev: false
    optionalDependencies:
      fsevents: 1.2.13
    resolution:
      integrity: sha512-ZmZUazfOzf0Nve7duiCKD23PFSCs4JPoYyccjUFF3aQkQadqBhfzhjkwBH2mNOG9cTBwhamM37EIsIkZw3nRgg==
  /chokidar/3.5.1:
    dependencies:
      anymatch: 3.1.1
      braces: 3.0.2
      glob-parent: 5.1.1
      is-binary-path: 2.1.0
      is-glob: 4.0.1
      normalize-path: 3.0.0
      readdirp: 3.5.0
    dev: false
    engines:
      node: '>= 8.10.0'
    optionalDependencies:
      fsevents: 2.3.2
    resolution:
      integrity: sha512-9+s+Od+W0VJJzawDma/gvBNQqkTiqYTWLuZoyAsivsI4AaWTCzHG06/TMjsf1cYe9Cb97UCEhjz7HvnPk2p/tw==
  /class-utils/0.3.6:
    dependencies:
      arr-union: 3.1.0
      define-property: 0.2.5
      isobject: 3.0.1
      static-extend: 0.1.2
    dev: false
    engines:
      node: '>=0.10.0'
    resolution:
      integrity: sha512-qOhPa/Fj7s6TY8H8esGu5QNpMMQxz79h+urzrNYN6mn+9BnxlDGf5QZ+XeCDsxSjPqsSR56XOZOJmpeurnLMeg==
  /code-block-writer/10.1.1:
    dev: false
    resolution:
      integrity: sha512-67ueh2IRGst/51p0n6FvPrnRjAGHY5F8xdjkgrYE7DDzpJe6qA07RYQ9VcoUeo5ATOjSOiWpSL3SWBRRbempMw==
  /collection-visit/1.0.0:
    dependencies:
      map-visit: 1.0.0
      object-visit: 1.0.1
    dev: false
    engines:
      node: '>=0.10.0'
    resolution:
      integrity: sha1-S8A3PBZLwykbTTaMgpzxqApZ3KA=
  /color-convert/1.9.3:
    dependencies:
      color-name: 1.1.3
    dev: false
    resolution:
      integrity: sha512-QfAUtd+vFdAtFQcC8CCyYt1fYWxSqAiK2cSD6zDB8N3cpsEBAvRxp9zOGg6G/SHHJYAT88/az/IuDGALsNVbGg==
  /color-name/1.1.3:
    dev: false
    resolution:
      integrity: sha1-p9BVi9icQveV3UIyj3QIMcpTvCU=
  /commander/4.1.1:
    dev: false
    engines:
      node: '>= 6'
    resolution:
      integrity: sha512-NOKm8xhkzAjzFx8B2v5OAHT+u5pRQc2UCa2Vq9jYL/31o2wi9mxBA7LIFs3sV5VSC49z6pEhfbMULvShKj26WA==
  /component-emitter/1.3.0:
    dev: false
    resolution:
      integrity: sha512-Rd3se6QB+sO1TwqZjscQrurpEPIfO0/yYnSin6Q/rD3mOutHvUrCAhJub3r90uNb+SESBuE0QYoB90YdfatsRg==
  /concat-map/0.0.1:
    dev: false
    resolution:
      integrity: sha1-2Klr13/Wjfd5OnMDajug1UBdR3s=
  /copy-descriptor/0.1.1:
    dev: false
    engines:
      node: '>=0.10.0'
    resolution:
      integrity: sha1-Z29us8OZl8LuGsOpJP1hJHSPV40=
  /core-util-is/1.0.2:
    dev: false
    resolution:
      integrity: sha1-tf1UIgqivFq1eqtxQMlAdUUDwac=
  /debounce/1.2.0:
    dev: false
    resolution:
      integrity: sha512-mYtLl1xfZLi1m4RtQYlZgJUNQjl4ZxVnHzIR8nLLgi4q1YT8o/WM+MK/f8yfcc9s5Ir5zRaPZyZU6xs1Syoocg==
  /debug/2.6.9:
    dependencies:
      ms: 2.0.0
    dev: false
    resolution:
      integrity: sha512-bC7ElrdJaJnPbAP+1EotYvqZsb3ecl5wi6Bfi6BJTUcNowp6cvspg0jXznRTKDjm/E7AdgFBVeAPVMNcKGsHMA==
  /debug/4.3.1:
    dependencies:
      ms: 2.1.2
    dev: false
    engines:
      node: '>=6.0'
    peerDependencies:
      supports-color: '*'
    peerDependenciesMeta:
      supports-color:
        optional: true
    resolution:
      integrity: sha512-doEwdvm4PCeK4K3RQN2ZC2BYUBaxwLARCqZmMjtF8a51J2Rb0xpVloFRnCODwqjpwnAoao4pelN8l3RJdv3gRQ==
  /decode-uri-component/0.2.0:
    dev: false
    engines:
      node: '>=0.10'
    resolution:
      integrity: sha1-6zkTMzRYd1y4TNGh+uBiEGu4dUU=
  /dedent/0.7.0:
    dev: false
    resolution:
      integrity: sha1-JJXduvbrh0q7Dhvp3yLS5aVEMmw=
  /define-property/0.2.5:
    dependencies:
      is-descriptor: 0.1.6
    dev: false
    engines:
      node: '>=0.10.0'
    resolution:
      integrity: sha1-w1se+RjsPJkPmlvFe+BKrOxcgRY=
  /define-property/1.0.0:
    dependencies:
      is-descriptor: 1.0.2
    dev: false
    engines:
      node: '>=0.10.0'
    resolution:
      integrity: sha1-dp66rz9KY6rTr56NMEybvnm/sOY=
  /define-property/2.0.2:
    dependencies:
      is-descriptor: 1.0.2
      isobject: 3.0.1
    dev: false
    engines:
      node: '>=0.10.0'
    resolution:
      integrity: sha512-jwK2UV4cnPpbcG7+VRARKTZPUWowwXA8bzH5NP6ud0oeAxyYPuGZUAC7hMugpCdz4BeSZl2Dl9k66CHJ/46ZYQ==
  /enquirer/2.3.6:
    dependencies:
      ansi-colors: 4.1.1
    dev: false
    engines:
      node: '>=8.6'
    resolution:
      integrity: sha512-yjNnPr315/FjS4zIsUxYguYUPP2e1NK4d7E7ZOLiyYCcbFBiTMyID+2wvm2w6+pZ/odMA7cRkjhsPbltwBOrLg==
  /escape-string-regexp/1.0.5:
    dev: false
    engines:
      node: '>=0.8.0'
    resolution:
      integrity: sha1-G2HAViGQqN/2rjuyzwIAyhMLhtQ=
  /expand-brackets/2.1.4:
    dependencies:
      debug: 2.6.9
      define-property: 0.2.5
      extend-shallow: 2.0.1
      posix-character-classes: 0.1.1
      regex-not: 1.0.2
      snapdragon: 0.8.2
      to-regex: 3.0.2
    dev: false
    engines:
      node: '>=0.10.0'
    resolution:
      integrity: sha1-t3c14xXOMPa27/D4OwQVGiJEliI=
  /extend-shallow/2.0.1:
    dependencies:
      is-extendable: 0.1.1
    dev: false
    engines:
      node: '>=0.10.0'
    resolution:
      integrity: sha1-Ua99YUrZqfYQ6huvu5idaxxWiQ8=
  /extend-shallow/3.0.2:
    dependencies:
      assign-symbols: 1.0.0
      is-extendable: 1.0.1
    dev: false
    engines:
      node: '>=0.10.0'
    resolution:
      integrity: sha1-Jqcarwc7OfshJxcnRhMcJwQCjbg=
  /extglob/2.0.4:
    dependencies:
      array-unique: 0.3.2
      define-property: 1.0.0
      expand-brackets: 2.1.4
      extend-shallow: 2.0.1
      fragment-cache: 0.2.1
      regex-not: 1.0.2
      snapdragon: 0.8.2
      to-regex: 3.0.2
    dev: false
    engines:
      node: '>=0.10.0'
    resolution:
      integrity: sha512-Nmb6QXkELsuBr24CJSkilo6UHHgbekK5UiZgfE6UHD3Eb27YC6oD+bhcT+tJ6cl8dmsgdQxnWlcry8ksBIBLpw==
  /fast-glob/3.2.5:
    dependencies:
      '@nodelib/fs.stat': 2.0.4
      '@nodelib/fs.walk': 1.2.6
      glob-parent: 5.1.1
      merge2: 1.4.1
      micromatch: 4.0.2
      picomatch: 2.2.2
    dev: false
    engines:
      node: '>=8'
    resolution:
      integrity: sha512-2DtFcgT68wiTTiwZ2hNdJfcHNke9XOfnwmBRWXhmeKM8rF0TGwmC/Qto3S7RoZKp5cilZbxzO5iTNTQsJ+EeDg==
  /fastq/1.10.1:
    dependencies:
      reusify: 1.0.4
    dev: false
    resolution:
      integrity: sha512-AWuv6Ery3pM+dY7LYS8YIaCiQvUaos9OB1RyNgaOWnaX+Tik7Onvcsf8x8c+YtDeT0maYLniBip2hox5KtEXXA==
  /file-uri-to-path/1.0.0:
    dev: false
    optional: true
    resolution:
      integrity: sha512-0Zt+s3L7Vf1biwWZ29aARiVYLx7iMGnEUl9x33fbB/j3jR81u/O2LbqK+Bm1CDSNDKVtJ/YjwY7TUd5SkeLQLw==
  /fill-range/4.0.0:
    dependencies:
      extend-shallow: 2.0.1
      is-number: 3.0.0
      repeat-string: 1.6.1
      to-regex-range: 2.1.1
    dev: false
    engines:
      node: '>=0.10.0'
    resolution:
      integrity: sha1-1USBHUKPmOsGpj3EAtJAPDKMOPc=
  /fill-range/7.0.1:
    dependencies:
      to-regex-range: 5.0.1
    dev: false
    engines:
      node: '>=8'
    resolution:
      integrity: sha512-qOo9F+dMUmC2Lcb4BbVvnKJxTPjCm+RRpe4gDuGrzkL7mEVl/djYSu2OdQ2Pa302N4oqkSg9ir6jaLWJ2USVpQ==
  /for-in/1.0.2:
    dev: false
    engines:
      node: '>=0.10.0'
    resolution:
      integrity: sha1-gQaNKVqBQuwKxybG4iAMMPttXoA=
  /fragment-cache/0.2.1:
    dependencies:
      map-cache: 0.2.2
    dev: false
    engines:
      node: '>=0.10.0'
    resolution:
      integrity: sha1-QpD60n8T6Jvn8zeZxrxaCr//DRk=
  /fs-extra/9.1.0:
    dependencies:
      at-least-node: 1.0.0
      graceful-fs: 4.2.6
      jsonfile: 6.1.0
      universalify: 2.0.0
    dev: false
    engines:
      node: '>=10'
    resolution:
      integrity: sha512-hcg3ZmepS30/7BSFqRvoo3DOMQu7IjqxO5nCDt+zM9XWjb33Wg7ziNT+Qvqbuc3+gWpzO02JubVyk2G4Zvo1OQ==
  /fs.realpath/1.0.0:
    dev: false
    resolution:
      integrity: sha1-FQStJSMVjKpA20onh8sBQRmU6k8=
  /fsevents/1.2.13:
    dependencies:
      bindings: 1.5.0
      nan: 2.14.2
    deprecated: fsevents 1 will break on node v14+ and could be using insecure binaries. Upgrade to fsevents 2.
    dev: false
    engines:
      node: '>= 4.0'
    optional: true
    os:
      - darwin
    requiresBuild: true
    resolution:
      integrity: sha512-oWb1Z6mkHIskLzEJ/XWX0srkpkTQ7vaopMQkyaEIoq0fmtFVxOthb8cCxeT+p3ynTdkk/RZwbgG4brR5BeWECw==
  /fsevents/2.3.2:
    dev: false
    engines:
      node: ^8.16.0 || ^10.6.0 || >=11.0.0
    optional: true
    os:
      - darwin
    resolution:
      integrity: sha512-xiqMQR4xAeHTuB9uWm+fFRcIOgKBMiOBP+eXiyT7jsgVCq1bkVygt00oASowB7EdtpOHaaPgKt812P9ab+DDKA==
  /get-value/2.0.6:
    dev: false
    engines:
      node: '>=0.10.0'
    resolution:
      integrity: sha1-3BXKHGcjh8p2vTesCjlbogQqLCg=
  /glob-parent/3.1.0:
    dependencies:
      is-glob: 3.1.0
      path-dirname: 1.0.2
    dev: false
    resolution:
      integrity: sha1-nmr2KZ2NO9K9QEMIMr0RPfkGxa4=
  /glob-parent/5.1.1:
    dependencies:
      is-glob: 4.0.1
    dev: false
    engines:
      node: '>= 6'
    resolution:
      integrity: sha512-FnI+VGOpnlGHWZxthPGR+QhR78fuiK0sNLkHQv+bL9fQi57lNNdquIbna/WrfROrolq8GK5Ek6BiMwqL/voRYQ==
  /glob/7.1.6:
    dependencies:
      fs.realpath: 1.0.0
      inflight: 1.0.6
      inherits: 2.0.4
      minimatch: 3.0.4
      once: 1.4.0
      path-is-absolute: 1.0.1
    dev: false
    resolution:
      integrity: sha512-LwaxwyZ72Lk7vZINtNNrywX0ZuLyStrdDtabefZKAY5ZGJhVtgdznluResxNmPitE0SAO+O26sWTHeKSI2wMBA==
  /graceful-fs/4.2.6:
    dev: false
    resolution:
      integrity: sha512-nTnJ528pbqxYanhpDYsi4Rd8MAeaBA67+RZ10CM1m3bTAVFEDcd5AuA4a6W5YkGZ1iNXHzZz8T6TBKLeBuNriQ==
  /has-flag/3.0.0:
    dev: false
    engines:
      node: '>=4'
    resolution:
      integrity: sha1-tdRU3CGZriJWmfNGfloH87lVuv0=
  /has-value/0.3.1:
    dependencies:
      get-value: 2.0.6
      has-values: 0.1.4
      isobject: 2.1.0
    dev: false
    engines:
      node: '>=0.10.0'
    resolution:
      integrity: sha1-ex9YutpiyoJ+wKIHgCVlSEWZXh8=
  /has-value/1.0.0:
    dependencies:
      get-value: 2.0.6
      has-values: 1.0.0
      isobject: 3.0.1
    dev: false
    engines:
      node: '>=0.10.0'
    resolution:
      integrity: sha1-GLKB2lhbHFxR3vJMkw7SmgvmsXc=
  /has-values/0.1.4:
    dev: false
    engines:
      node: '>=0.10.0'
    resolution:
      integrity: sha1-bWHeldkd/Km5oCCJrThL/49it3E=
  /has-values/1.0.0:
    dependencies:
      is-number: 3.0.0
      kind-of: 4.0.0
    dev: false
    engines:
      node: '>=0.10.0'
    resolution:
      integrity: sha1-lbC2P+whRmGab+V/51Yo1aOe/k8=
  /inflight/1.0.6:
    dependencies:
      once: 1.4.0
      wrappy: 1.0.2
    dev: false
    resolution:
      integrity: sha1-Sb1jMdfQLQwJvJEKEHW6gWW1bfk=
  /inherits/2.0.4:
    dev: false
    resolution:
      integrity: sha512-k/vGaX4/Yla3WzyMCvTQOXYeIHvqOKtnqBduzTHpzpQZzAskKMhZ2K+EnBiSM9zGSoIFeMpXKxa4dYeZIQqewQ==
  /is-absolute/1.0.0:
    dependencies:
      is-relative: 1.0.0
      is-windows: 1.0.2
    dev: false
    engines:
      node: '>=0.10.0'
    resolution:
      integrity: sha512-dOWoqflvcydARa360Gvv18DZ/gRuHKi2NU/wU5X1ZFzdYfH29nkiNZsF3mp4OJ3H4yo9Mx8A/uAGNzpzPN3yBA==
  /is-accessor-descriptor/0.1.6:
    dependencies:
      kind-of: 3.2.2
    dev: false
    engines:
      node: '>=0.10.0'
    resolution:
      integrity: sha1-qeEss66Nh2cn7u84Q/igiXtcmNY=
  /is-accessor-descriptor/1.0.0:
    dependencies:
      kind-of: 6.0.3
    dev: false
    engines:
      node: '>=0.10.0'
    resolution:
      integrity: sha512-m5hnHTkcVsPfqx3AKlyttIPb7J+XykHvJP2B9bZDjlhLIoEq4XoK64Vg7boZlVWYK6LUY94dYPEE7Lh0ZkZKcQ==
  /is-binary-path/1.0.1:
    dependencies:
      binary-extensions: 1.13.1
    dev: false
    engines:
      node: '>=0.10.0'
    resolution:
      integrity: sha1-dfFmQrSA8YenEcgUFh/TpKdlWJg=
  /is-binary-path/2.1.0:
    dependencies:
      binary-extensions: 2.2.0
    dev: false
    engines:
      node: '>=8'
    resolution:
      integrity: sha512-ZMERYes6pDydyuGidse7OsHxtbI7WVeUEozgR/g7rd0xUimYNlvZRE/K2MgZTjWy725IfelLeVcEM97mmtRGXw==
  /is-buffer/1.1.6:
    dev: false
    resolution:
      integrity: sha512-NcdALwpXkTm5Zvvbk7owOUSvVvBKDgKP5/ewfXEznmQFfs4ZRmanOeKBTjRVjka3QFoN6XJ+9F3USqfHqTaU5w==
  /is-data-descriptor/0.1.4:
    dependencies:
      kind-of: 3.2.2
    dev: false
    engines:
      node: '>=0.10.0'
    resolution:
      integrity: sha1-C17mSDiOLIYCgueT8YVv7D8wG1Y=
  /is-data-descriptor/1.0.0:
    dependencies:
      kind-of: 6.0.3
    dev: false
    engines:
      node: '>=0.10.0'
    resolution:
      integrity: sha512-jbRXy1FmtAoCjQkVmIVYwuuqDFUbaOeDjmed1tOGPrsMhtJA4rD9tkgA0F1qJ3gRFRXcHYVkdeaP50Q5rE/jLQ==
  /is-descriptor/0.1.6:
    dependencies:
      is-accessor-descriptor: 0.1.6
      is-data-descriptor: 0.1.4
      kind-of: 5.1.0
    dev: false
    engines:
      node: '>=0.10.0'
    resolution:
      integrity: sha512-avDYr0SB3DwO9zsMov0gKCESFYqCnE4hq/4z3TdUlukEy5t9C0YRq7HLrsN52NAcqXKaepeCD0n+B0arnVG3Hg==
  /is-descriptor/1.0.2:
    dependencies:
      is-accessor-descriptor: 1.0.0
      is-data-descriptor: 1.0.0
      kind-of: 6.0.3
    dev: false
    engines:
      node: '>=0.10.0'
    resolution:
      integrity: sha512-2eis5WqQGV7peooDyLmNEPUrps9+SXX5c9pL3xEB+4e9HnGuDa7mB7kHxHw4CbqS9k1T2hOH3miL8n8WtiYVtg==
  /is-extendable/0.1.1:
    dev: false
    engines:
      node: '>=0.10.0'
    resolution:
      integrity: sha1-YrEQ4omkcUGOPsNqYX1HLjAd/Ik=
  /is-extendable/1.0.1:
    dependencies:
      is-plain-object: 2.0.4
    dev: false
    engines:
      node: '>=0.10.0'
    resolution:
      integrity: sha512-arnXMxT1hhoKo9k1LZdmlNyJdDDfy2v0fXjFlmok4+i8ul/6WlbVge9bhM74OpNPQPMGUToDtz+KXa1PneJxOA==
  /is-extglob/2.1.1:
    dev: false
    engines:
      node: '>=0.10.0'
    resolution:
      integrity: sha1-qIwCU1eR8C7TfHahueqXc8gz+MI=
  /is-glob/3.1.0:
    dependencies:
      is-extglob: 2.1.1
    dev: false
    engines:
      node: '>=0.10.0'
    resolution:
      integrity: sha1-e6WuJCF4BKxwcHuWkiVnSGzD6Eo=
  /is-glob/4.0.1:
    dependencies:
      is-extglob: 2.1.1
    dev: false
    engines:
      node: '>=0.10.0'
    resolution:
      integrity: sha512-5G0tKtBTFImOqDnLB2hG6Bp2qcKEFduo4tZu9MT/H6NQv/ghhy30o55ufafxJ/LdH79LLs2Kfrn85TLKyA7BUg==
  /is-negated-glob/1.0.0:
    dev: false
    engines:
      node: '>=0.10.0'
    resolution:
      integrity: sha1-aRC8pdqMleeEtXUbl2z1oQ/uNtI=
  /is-number/3.0.0:
    dependencies:
      kind-of: 3.2.2
    dev: false
    engines:
      node: '>=0.10.0'
    resolution:
      integrity: sha1-JP1iAaR4LPUFYcgQJ2r8fRLXEZU=
  /is-number/7.0.0:
    dev: false
    engines:
      node: '>=0.12.0'
    resolution:
      integrity: sha512-41Cifkg6e8TylSpdtTpeLVMqvSBEVzTttHvERD741+pnZ8ANv0004MRL43QKPDlK9cGvNp6NZWZUBlbGXYxxng==
  /is-plain-object/2.0.4:
    dependencies:
      isobject: 3.0.1
    dev: false
    engines:
      node: '>=0.10.0'
    resolution:
      integrity: sha512-h5PpgXkWitc38BBMYawTYMWJHFZJVnBquFE57xFpjB8pJFiF6gZ+bU+WyI/yqXiFR5mdLsgYNaPe8uao6Uv9Og==
  /is-relative/1.0.0:
    dependencies:
      is-unc-path: 1.0.0
    dev: false
    engines:
      node: '>=0.10.0'
    resolution:
      integrity: sha512-Kw/ReK0iqwKeu0MITLFuj0jbPAmEiOsIwyIXvvbfa6QfmN9pkD1M+8pdk7Rl/dTKbH34/XBFMbgD4iMJhLQbGA==
  /is-unc-path/1.0.0:
    dependencies:
      unc-path-regex: 0.1.2
    dev: false
    engines:
      node: '>=0.10.0'
    resolution:
      integrity: sha512-mrGpVd0fs7WWLfVsStvgF6iEJnbjDFZh9/emhRDcGWTduTfNHd9CHeUwH3gYIjdbwo4On6hunkztwOaAw0yllQ==
  /is-windows/1.0.2:
    dev: false
    engines:
      node: '>=0.10.0'
    resolution:
      integrity: sha512-eXK1UInq2bPmjyX6e3VHIzMLobc4J94i4AWn+Hpq3OU5KkrRC96OAcR3PRJ/pGu6m8TRnBHP9dkXQVsT/COVIA==
  /isarray/1.0.0:
    dev: false
    resolution:
      integrity: sha1-u5NdSFgsuhaMBoNJV6VKPgcSTxE=
  /isobject/2.1.0:
    dependencies:
      isarray: 1.0.0
    dev: false
    engines:
      node: '>=0.10.0'
    resolution:
      integrity: sha1-8GVWEJaj8dou9GJy+BXIQNh+DIk=
  /isobject/3.0.1:
    dev: false
    engines:
      node: '>=0.10.0'
    resolution:
      integrity: sha1-TkMekrEalzFjaqH5yNHMvP2reN8=
  /jsonfile/6.1.0:
    dependencies:
      universalify: 2.0.0
    dev: false
    optionalDependencies:
      graceful-fs: 4.2.6
    resolution:
      integrity: sha512-5dgndWOriYSm5cnYaJNhalLNDKOqFwyDB/rr1E9ZsGciGvKPs8R2xYGCacuf3z6K1YKDz182fd+fY3cn3pMqXQ==
  /kind-of/3.2.2:
    dependencies:
      is-buffer: 1.1.6
    dev: false
    engines:
      node: '>=0.10.0'
    resolution:
      integrity: sha1-MeohpzS6ubuw8yRm2JOupR5KPGQ=
  /kind-of/4.0.0:
    dependencies:
      is-buffer: 1.1.6
    dev: false
    engines:
      node: '>=0.10.0'
    resolution:
      integrity: sha1-IIE989cSkosgc3hpGkUGb65y3Vc=
  /kind-of/5.1.0:
    dev: false
    engines:
      node: '>=0.10.0'
    resolution:
      integrity: sha512-NGEErnH6F2vUuXDh+OlbcKW7/wOcfdRHaZ7VWtqCztfHri/++YKmP51OdWeGPuqCOba6kk2OTe5d02VmTB80Pw==
  /kind-of/6.0.3:
    dev: false
    engines:
      node: '>=0.10.0'
    resolution:
      integrity: sha512-dcS1ul+9tmeD95T+x28/ehLgd9mENa3LsvDTtzm3vyBEO7RPptvAD+t44WVXaUjTBRcrpFeFlC8WCruUR456hw==
  /lines-and-columns/1.1.6:
    dev: false
    resolution:
      integrity: sha1-HADHQ7QzzQpOgHWPe2SldEDZ/wA=
  /lodash/4.17.20:
    dev: false
    resolution:
      integrity: sha512-PlhdFcillOINfeV7Ni6oF1TAEayyZBoZ8bcshTHqOYJYlrqzRK5hagpagky5o4HfCzzd1TRkXPMFq6cKk9rGmA==
  /lodge/0.1.7:
    dependencies:
      has-flag: 3.0.0
    dev: false
    resolution:
      integrity: sha512-FILl/6cIFPRtBqwIELLzoRSfr9EACaNa6udjJ8+H90XgZA4qilZaA6r5aIzdU9O6C5QSOsKmmbABL5R0J1S1fA==
  /map-cache/0.2.2:
    dev: false
    engines:
      node: '>=0.10.0'
    resolution:
      integrity: sha1-wyq9C9ZSXZsFFkW7TyasXcmKDb8=
  /map-visit/1.0.0:
    dependencies:
      object-visit: 1.0.1
    dev: false
    engines:
      node: '>=0.10.0'
    resolution:
      integrity: sha1-7Nyo8TFE5mDxtb1B8S80edmN+48=
  /merge2/1.4.1:
    dev: false
    engines:
      node: '>= 8'
    resolution:
      integrity: sha512-8q7VEgMJW4J8tcfVPy8g09NcQwZdbwFEqhe/WZkoIzjn/3TGDwtOCYtXGxA3O8tPzpczCCDgv+P2P5y00ZJOOg==
  /micromatch/3.1.10:
    dependencies:
      arr-diff: 4.0.0
      array-unique: 0.3.2
      braces: 2.3.2
      define-property: 2.0.2
      extend-shallow: 3.0.2
      extglob: 2.0.4
      fragment-cache: 0.2.1
      kind-of: 6.0.3
      nanomatch: 1.2.13
      object.pick: 1.3.0
      regex-not: 1.0.2
      snapdragon: 0.8.2
      to-regex: 3.0.2
    dev: false
    engines:
      node: '>=0.10.0'
    resolution:
      integrity: sha512-MWikgl9n9M3w+bpsY3He8L+w9eF9338xRl8IAO5viDizwSzziFEyUzo2xrrloB64ADbTf8uA8vRqqttDTOmccg==
  /micromatch/4.0.2:
    dependencies:
      braces: 3.0.2
      picomatch: 2.2.2
    dev: false
    engines:
      node: '>=8'
    resolution:
      integrity: sha512-y7FpHSbMUMoyPbYUSzO6PaZ6FyRnQOpHuKwbo1G+Knck95XVU4QAiKdGEnj5wwoS7PlOgthX/09u5iFJ+aYf5Q==
  /minimatch/3.0.4:
    dependencies:
      brace-expansion: 1.1.11
    dev: false
    resolution:
      integrity: sha512-yJHVQEhyqPLUTgt9B83PXu6W3rx4MvvHvSUvToogpwoGDOUQ+yDrR0HRot+yOCdCO7u4hX3pWft6kWBBcqh0UA==
  /mixin-deep/1.3.2:
    dependencies:
      for-in: 1.0.2
      is-extendable: 1.0.1
    dev: false
    engines:
      node: '>=0.10.0'
    resolution:
      integrity: sha512-WRoDn//mXBiJ1H40rqa3vH0toePwSsGb45iInWlTySa+Uu4k3tYUSxa2v1KqAiLtvlrSzaExqS1gtk96A9zvEA==
  /ms/2.0.0:
    dev: false
    resolution:
      integrity: sha1-VgiurfwAvmwpAd9fmGF4jeDVl8g=
  /ms/2.1.2:
    dev: false
    resolution:
      integrity: sha512-sGkPx+VjMtmA6MX27oA4FBFELFCZZ4S4XqeGOXCv68tT+jb3vk/RyaKWP0PTKyWtmLSM0b+adUTEvbs1PEaH2w==
  /multimatch/4.0.0:
    dependencies:
      '@types/minimatch': 3.0.3
      array-differ: 3.0.0
      array-union: 2.1.0
      arrify: 2.0.1
      minimatch: 3.0.4
    dev: false
    engines:
      node: '>=8'
    resolution:
      integrity: sha512-lDmx79y1z6i7RNx0ZGCPq1bzJ6ZoDDKbvh7jxr9SJcWLkShMzXrHbYVpTdnhNM5MXpDUxCQ4DgqVttVXlBgiBQ==
  /mz/2.7.0:
    dependencies:
      any-promise: 1.3.0
      object-assign: 4.1.1
      thenify-all: 1.6.0
    dev: false
    resolution:
      integrity: sha512-z81GNO7nnYMEhrGh9LeymoE4+Yr0Wn5McHIZMK5cfQCl+NDX08sCZgUc9/6MHni9IWuFLm1Z3HTCXu2z9fN62Q==
  /nan/2.14.2:
    dev: false
    optional: true
    resolution:
      integrity: sha512-M2ufzIiINKCuDfBSAUr1vWQ+vuVcA9kqx8JJUsbQi6yf1uGRyb7HfpdfUr5qLXf3B/t8dPvcjhKMmlfnP47EzQ==
  /nanomatch/1.2.13:
    dependencies:
      arr-diff: 4.0.0
      array-unique: 0.3.2
      define-property: 2.0.2
      extend-shallow: 3.0.2
      fragment-cache: 0.2.1
      is-windows: 1.0.2
      kind-of: 6.0.3
      object.pick: 1.3.0
      regex-not: 1.0.2
      snapdragon: 0.8.2
      to-regex: 3.0.2
    dev: false
    engines:
      node: '>=0.10.0'
    resolution:
      integrity: sha512-fpoe2T0RbHwBTBUOftAfBPaDEi06ufaUai0mE6Yn1kacc3SnTErfb/h+X94VXzI64rKFHYImXSvdwGGCmwOqCA==
  /node-modules-regexp/1.0.0:
    dev: false
    engines:
      node: '>=0.10.0'
    resolution:
      integrity: sha1-jZ2+KJZKSsVxLpExZCEHxx6Q7EA=
  /normalize-path/2.1.1:
    dependencies:
      remove-trailing-separator: 1.1.0
    dev: false
    engines:
      node: '>=0.10.0'
    resolution:
      integrity: sha1-GrKLVW4Zg2Oowab35vogE3/mrtk=
  /normalize-path/3.0.0:
    dev: false
    engines:
      node: '>=0.10.0'
    resolution:
      integrity: sha512-6eZs5Ls3WtCisHWp9S2GUy8dqkpGi4BVSz3GaqiE6ezub0512ESztXUwUB6C6IKbQkY2Pnb/mD4WYojCRwcwLA==
  /object-assign/4.1.1:
    dev: false
    engines:
      node: '>=0.10.0'
    resolution:
      integrity: sha1-IQmtx5ZYh8/AXLvUQsrIv7s2CGM=
  /object-copy/0.1.0:
    dependencies:
      copy-descriptor: 0.1.1
      define-property: 0.2.5
      kind-of: 3.2.2
    dev: false
    engines:
      node: '>=0.10.0'
    resolution:
      integrity: sha1-fn2Fi3gb18mRpBupde04EnVOmYw=
  /object-visit/1.0.1:
    dependencies:
      isobject: 3.0.1
    dev: false
    engines:
      node: '>=0.10.0'
    resolution:
      integrity: sha1-95xEk68MU3e1n+OdOV5BBC3QRbs=
  /object.pick/1.3.0:
    dependencies:
      isobject: 3.0.1
    dev: false
    engines:
      node: '>=0.10.0'
    resolution:
      integrity: sha1-h6EKxMFpS9Lhy/U1kaZhQftd10c=
  /once/1.4.0:
    dependencies:
      wrappy: 1.0.2
    dev: false
    resolution:
      integrity: sha1-WDsap3WWHUsROsF9nFC6753Xa9E=
  /pascalcase/0.1.1:
    dev: false
    engines:
      node: '>=0.10.0'
    resolution:
      integrity: sha1-s2PlXoAGym/iF4TS2yK9FdeRfxQ=
  /path-dirname/1.0.2:
    dev: false
    resolution:
      integrity: sha1-zDPSTVJeCZpTiMAzbG4yuRYGCeA=
  /path-is-absolute/1.0.1:
    dev: false
    engines:
      node: '>=0.10.0'
    resolution:
      integrity: sha1-F0uSaHNVNP+8es5r9TpanhtcX18=
  /picomatch/2.2.2:
    dev: false
    engines:
      node: '>=8.6'
    resolution:
      integrity: sha512-q0M/9eZHzmr0AulXyPwNfZjtwZ/RBZlbN3K3CErVrk50T2ASYI7Bye0EvekFY3IP1Nt2DHu0re+V2ZHIpMkuWg==
  /pirates/4.0.1:
    dependencies:
      node-modules-regexp: 1.0.0
    dev: false
    engines:
      node: '>= 6'
    resolution:
      integrity: sha512-WuNqLTbMI3tmfef2TKxlQmAiLHKtFhlsCZnPIpuv2Ow0RDVO8lfy1Opf4NUzlMXLjPl+Men7AuVdX6TA+s+uGA==
  /posix-character-classes/0.1.1:
    dev: false
    engines:
      node: '>=0.10.0'
    resolution:
      integrity: sha1-AerA/jta9xoqbAL+q7jB/vfgDqs=
  /process-nextick-args/2.0.1:
    dev: false
    resolution:
      integrity: sha512-3ouUOpQhtgrbOa17J7+uxOTpITYWaGP7/AhoR3+A+/1e9skrzelGi/dXzEYyvbxubEF6Wn2ypscTKiKJFFn1ag==
  /queue-microtask/1.2.2:
    dev: false
    resolution:
      integrity: sha512-dB15eXv3p2jDlbOiNLyMabYg1/sXvppd8DP2J3EOCQ0AkuSXCW2tP7mnVouVLJKgUMY6yP0kcQDVpLCN13h4Xg==
  /readable-stream/2.3.7:
    dependencies:
      core-util-is: 1.0.2
      inherits: 2.0.4
      isarray: 1.0.0
      process-nextick-args: 2.0.1
      safe-buffer: 5.1.2
      string_decoder: 1.1.1
      util-deprecate: 1.0.2
    dev: false
    resolution:
      integrity: sha512-Ebho8K4jIbHAxnuxi7o42OrZgF/ZTNcsZj6nRKyUmkhLFq8CHItp/fy6hQZuZmP/n3yZ9VBUbp4zz/mX8hmYPw==
  /readdirp/2.2.1:
    dependencies:
      graceful-fs: 4.2.6
      micromatch: 3.1.10
      readable-stream: 2.3.7
    dev: false
    engines:
      node: '>=0.10'
    resolution:
      integrity: sha512-1JU/8q+VgFZyxwrJ+SVIOsh+KywWGpds3NTqikiKpDMZWScmAYyKIgqkO+ARvNWJfXeXR1zxz7aHF4u4CyH6vQ==
  /readdirp/3.5.0:
    dependencies:
      picomatch: 2.2.2
    dev: false
    engines:
      node: '>=8.10.0'
    resolution:
      integrity: sha512-cMhu7c/8rdhkHXWsY+osBhfSy0JikwpHK/5+imo+LpeasTF8ouErHrlYkwT0++njiyuDvc7OFY5T3ukvZ8qmFQ==
  /regex-not/1.0.2:
    dependencies:
      extend-shallow: 3.0.2
      safe-regex: 1.1.0
    dev: false
    engines:
      node: '>=0.10.0'
    resolution:
      integrity: sha512-J6SDjUgDxQj5NusnOtdFxDwN/+HWykR8GELwctJ7mdqhcyy1xEc4SRFHUXvxTp661YaVKAjfRLZ9cCqS6tn32A==
  /remove-trailing-separator/1.1.0:
    dev: false
    resolution:
      integrity: sha1-wkvOKig62tW8P1jg1IJJuSN52O8=
  /repeat-element/1.1.3:
    dev: false
    engines:
      node: '>=0.10.0'
    resolution:
      integrity: sha512-ahGq0ZnV5m5XtZLMb+vP76kcAM5nkLqk0lpqAuojSKGgQtn4eRi4ZZGm2olo2zKFH+sMsWaqOCW1dqAnOru72g==
  /repeat-string/1.6.1:
    dev: false
    engines:
      node: '>=0.10'
    resolution:
      integrity: sha1-jcrkcOHIirwtYA//Sndihtp15jc=
  /resolve-url/0.2.1:
    deprecated: https://github.com/lydell/resolve-url#deprecated
    dev: false
    resolution:
      integrity: sha1-LGN/53yJOv0qZj/iGqkIAGjiBSo=
  /ret/0.1.15:
    dev: false
    engines:
      node: '>=0.12'
    resolution:
      integrity: sha512-TTlYpa+OL+vMMNG24xSlQGEJ3B/RzEfUlLct7b5G/ytav+wPrplCpVMFuwzXbkecJrb6IYo1iFb0S9v37754mg==
  /reusify/1.0.4:
    dev: false
    engines:
      iojs: '>=1.0.0'
      node: '>=0.10.0'
    resolution:
      integrity: sha512-U9nH88a3fc/ekCF1l0/UP1IosiuIjyTh7hBvXVMHYgVcfGvt897Xguj2UOLDeI5BG2m7/uwyaLVT6fbtCwTyzw==
  /run-parallel/1.2.0:
    dependencies:
      queue-microtask: 1.2.2
    dev: false
    resolution:
      integrity: sha512-5l4VyZR86LZ/lDxZTR6jqL8AFE2S0IFLMP26AbjsLVADxHdhB/c0GUsH+y39UfCi3dzz8OlQuPmnaJOMoDHQBA==
  /safe-buffer/5.1.2:
    dev: false
    resolution:
      integrity: sha512-Gd2UZBJDkXlY7GbJxfsE8/nvKkUEU1G38c1siN6QP6a9PT9MmHB8GnpscSmMJSoF8LOIrt8ud/wPtojys4G6+g==
  /safe-regex/1.1.0:
    dependencies:
      ret: 0.1.15
    dev: false
    resolution:
      integrity: sha1-QKNmnzsHfR6UPURinhV91IAjvy4=
  /saxon/0.2.10:
    dependencies:
      graceful-fs: 4.2.6
    dev: false
    resolution:
      integrity: sha512-f9M1vUK8/EhOoSKcImmmBlHm2ojH6p6UjY0/gu7AboUtP0zT8W2vw/beW7Y8mHSAFbK260C7Ry37i2EEpmocGA==
  /set-value/2.0.1:
    dependencies:
      extend-shallow: 2.0.1
      is-extendable: 0.1.1
      is-plain-object: 2.0.4
      split-string: 3.1.0
    dev: false
    engines:
      node: '>=0.10.0'
    resolution:
      integrity: sha512-JxHc1weCN68wRY0fhCoXpyK55m/XPHafOmK4UWD7m2CI14GMcFypt4w/0+NV5f/ZMby2F6S2wwA7fgynh9gWSw==
  /shell-quote/1.7.2:
    dev: false
    resolution:
      integrity: sha512-mRz/m/JVscCrkMyPqHc/bczi3OQHkLTqXHEFu0zDhK/qfv3UcOA4SVmRCLmos4bhjr9ekVQubj/R7waKapmiQg==
  /smart-restart/2.5.0:
    dependencies:
      chalk: 2.4.2
      chokidar: 2.1.8
      debug: 4.3.1
      lodash: 4.17.20
    dev: false
    engines:
      node: '>=8'
    resolution:
      integrity: sha512-jH82qmblOM0rE1vDmIHq/1XoOfOcQ9ULrYtry0g0Klo1brGlKVcwb4yj9uh0QnxSeVfDfl2J9Gfz77HgY0jEEg==
  /snapdragon-node/2.1.1:
    dependencies:
      define-property: 1.0.0
      isobject: 3.0.1
      snapdragon-util: 3.0.1
    dev: false
    engines:
      node: '>=0.10.0'
    resolution:
      integrity: sha512-O27l4xaMYt/RSQ5TR3vpWCAB5Kb/czIcqUFOM/C4fYcLnbZUc1PkjTAMjof2pBWaSTwOUd6qUHcFGVGj7aIwnw==
  /snapdragon-util/3.0.1:
    dependencies:
      kind-of: 3.2.2
    dev: false
    engines:
      node: '>=0.10.0'
    resolution:
      integrity: sha512-mbKkMdQKsjX4BAL4bRYTj21edOf8cN7XHdYUJEe+Zn99hVEYcMvKPct1IqNe7+AZPirn8BCDOQBHQZknqmKlZQ==
  /snapdragon/0.8.2:
    dependencies:
      base: 0.11.2
      debug: 2.6.9
      define-property: 0.2.5
      extend-shallow: 2.0.1
      map-cache: 0.2.2
      source-map: 0.5.7
      source-map-resolve: 0.5.3
      use: 3.1.1
    dev: false
    engines:
      node: '>=0.10.0'
    resolution:
      integrity: sha512-FtyOnWN/wCHTVXOMwvSv26d+ko5vWlIDD6zoUJ7LW8vh+ZBC8QdljveRP+crNrtBwioEUWy/4dMtbBjA4ioNlg==
  /source-map-resolve/0.5.3:
    dependencies:
      atob: 2.1.2
      decode-uri-component: 0.2.0
      resolve-url: 0.2.1
      source-map-url: 0.4.1
      urix: 0.1.0
    dev: false
    resolution:
      integrity: sha512-Htz+RnsXWk5+P2slx5Jh3Q66vhQj1Cllm0zvnaY98+NFx+Dv2CF/f5O/t8x+KaNdrdIAsruNzoh/KpialbqAnw==
  /source-map-support/0.5.19:
    dependencies:
      buffer-from: 1.1.1
      source-map: 0.6.1
    dev: false
    resolution:
      integrity: sha512-Wonm7zOCIJzBGQdB+thsPar0kYuCIzYvxZwlBa87yi/Mdjv7Tip2cyVbLj5o0cFPN4EVkuTwb3GDDyUx2DGnGw==
  /source-map-url/0.4.1:
    dev: false
    resolution:
      integrity: sha512-cPiFOTLUKvJFIg4SKVScy4ilPPW6rFgMgfuZJPNoDuMs3nC1HbMUycBoJw77xFIp6z1UJQJOfx6C9GMH80DiTw==
  /source-map/0.5.7:
    dev: false
    engines:
      node: '>=0.10.0'
    resolution:
      integrity: sha1-igOdLRAh0i0eoUyA2OpGi6LvP8w=
  /source-map/0.6.1:
    engines:
      node: '>=0.10.0'
    resolution:
      integrity: sha512-UjgapumWlbMhkBgzT7Ykc5YXUT46F0iKu8SGXq0bcwP5dz/h0Plj6enJqjz1Zbq2l5WaqYnrVbwWOWMyF3F47g==
  /split-string/3.1.0:
    dependencies:
      extend-shallow: 3.0.2
    dev: false
    engines:
      node: '>=0.10.0'
    resolution:
      integrity: sha512-NzNVhJDYpwceVVii8/Hu6DKfD2G+NrQHlS/V/qgv763EYudVwEcMQNxd2lh+0VrUByXN/oJkl5grOhYWvQUYiw==
  /static-extend/0.1.2:
    dependencies:
      define-property: 0.2.5
      object-copy: 0.1.0
    dev: false
    engines:
      node: '>=0.10.0'
    resolution:
      integrity: sha1-YICcOcv/VTNyJv1eC1IPNB8ftcY=
  /string_decoder/1.1.1:
    dependencies:
      safe-buffer: 5.1.2
    dev: false
    resolution:
      integrity: sha512-n/ShnvDi6FHbbVfviro+WojiFzv+s8MPMHBczVePfUpDJLwoLT0ht1l4YwBCbi8pJAveEEdnkHyPyTP/mzRfwg==
  /sucrase/3.17.1:
    dependencies:
      commander: 4.1.1
      glob: 7.1.6
      lines-and-columns: 1.1.6
      mz: 2.7.0
      pirates: 4.0.1
      ts-interface-checker: 0.1.13
    dev: false
    engines:
      node: '>=8'
    hasBin: true
    resolution:
      integrity: sha512-04cNLFAhS4NBG2Z/MTkLY6HdoBsqErv3wCncymFlfFtnpMthurlWYML2RlID4M2BbiJSu1eZdQnE8Lcz4PCe2g==
  /supports-color/5.5.0:
    dependencies:
      has-flag: 3.0.0
    dev: false
    engines:
      node: '>=4'
    resolution:
      integrity: sha512-QjVjwdXIt408MIiAqCX4oUKsgU2EqAGzs2Ppkm4aQYbjm+ZEWEcW4SfFNTr4uMNZma0ey4f5lgLrkB0aX0QMow==
  /thenify-all/1.6.0:
    dependencies:
      thenify: 3.3.1
    dev: false
    engines:
      node: '>=0.8'
    resolution:
      integrity: sha1-GhkY1ALY/D+Y+/I02wvMjMEOlyY=
  /thenify/3.3.1:
    dependencies:
      any-promise: 1.3.0
    dev: false
    resolution:
      integrity: sha512-RVZSIV5IG10Hk3enotrhvz0T9em6cyHBLkH/YAZuKqd8hRkKhSfCGIcP2KUY0EPxndzANBmNllzWPwak+bheSw==
  /to-object-path/0.3.0:
    dependencies:
      kind-of: 3.2.2
    dev: false
    engines:
      node: '>=0.10.0'
    resolution:
      integrity: sha1-KXWIt7Dn4KwI4E5nL4XB9JmeF68=
  /to-regex-range/2.1.1:
    dependencies:
      is-number: 3.0.0
      repeat-string: 1.6.1
    dev: false
    engines:
      node: '>=0.10.0'
    resolution:
      integrity: sha1-fIDBe53+vlmeJzZ+DU3VWQFB2zg=
  /to-regex-range/5.0.1:
    dependencies:
      is-number: 7.0.0
    dev: false
    engines:
      node: '>=8.0'
    resolution:
      integrity: sha512-65P7iz6X5yEr1cwcgvQxbbIw7Uk3gOy5dIdtZ4rDveLqhrdJP+Li/Hx6tyK0NEb+2GCyneCMJiGqrADCSNk8sQ==
  /to-regex/3.0.2:
    dependencies:
      define-property: 2.0.2
      extend-shallow: 3.0.2
      regex-not: 1.0.2
      safe-regex: 1.1.0
    dev: false
    engines:
      node: '>=0.10.0'
    resolution:
      integrity: sha512-FWtleNAtZ/Ki2qtqej2CXTOayOH9bHDQF+Q48VpWyDXjbYxA4Yz8iDB31zXOBUlOHHKidDbqGVrTUvQMPmBGBw==
  /ts-interface-checker/0.1.13:
    dev: false
    resolution:
      integrity: sha512-Y/arvbn+rrz3JCKl9C4kVNfTfSm2/mEp5FSz5EsZSANGPSlQrpRI5M4PKF+mJnE52jOO90PnPSc3Ur3bTQw0gA==
  /ts-morph/7.3.0:
    dependencies:
      '@dsherret/to-absolute-glob': 2.0.2
      '@ts-morph/common': 0.5.2
      code-block-writer: 10.1.1
    dev: false
    resolution:
      integrity: sha512-BUKSoz7AFSKPcYTZODbICW2mOthAN4vc5juD6FL1lD/dLwZ0WvrC3zqBM3/X6f5gHxq3yaz+HmanHGaWm0ddbQ==
  /type-error/1.0.3:
    dev: false
    resolution:
      integrity: sha512-hlNA4NwwjtL9clb8nv+x/5C45uzxND+N+h+/y3z2dYdubGSmdtNtJjHVH4E68ZHR98Bkav4ACf1lmTZepc/4sg==
  /typescript/3.9.9:
    dev: false
    engines:
      node: '>=4.2.0'
    hasBin: true
    resolution:
      integrity: sha512-kdMjTiekY+z/ubJCATUPlRDl39vXYiMV9iyeMuEuXZh2we6zz80uovNN2WlAxmmdE/Z/YQe+EbOEXB5RHEED3w==
  /uid/1.0.0:
    dev: false
    engines:
      node: '>=8'
    resolution:
      integrity: sha512-DYp36HDIRECMW0xmeyGSDSheURMbL7gy4DqINDUW5OSw7cot0pNRNvEtEji9nk1XVDZN/0lJ7myxacoTeU9oow==
  /unc-path-regex/0.1.2:
    dev: false
    engines:
      node: '>=0.10.0'
    resolution:
      integrity: sha1-5z3T17DXxe2G+6xrCufYxqadUPo=
  /union-value/1.0.1:
    dependencies:
      arr-union: 3.1.0
      get-value: 2.0.6
      is-extendable: 0.1.1
      set-value: 2.0.1
    dev: false
    engines:
      node: '>=0.10.0'
    resolution:
      integrity: sha512-tJfXmxMeWYnczCVs7XAEvIV7ieppALdyepWMkHkwciRpZraG/xwT+s2JN8+pr1+8jCRf80FFzvr+MpQeeoF4Xg==
  /universalify/2.0.0:
    dev: false
    engines:
      node: '>= 10.0.0'
    resolution:
      integrity: sha512-hAZsKq7Yy11Zu1DE0OzWjw7nnLZmJZYTDZZyEFHZdUhV8FkH5MCfoU1XMaxXovpyW5nq5scPqq0ZDP9Zyl04oQ==
  /unset-value/1.0.0:
    dependencies:
      has-value: 0.3.1
      isobject: 3.0.1
    dev: false
    engines:
      node: '>=0.10.0'
    resolution:
      integrity: sha1-g3aHP30jNRef+x5vw6jtDfyKtVk=
  /upath/1.2.0:
    dev: false
    engines:
      node: '>=4'
    resolution:
      integrity: sha512-aZwGpamFO61g3OlfT7OQCHqhGnW43ieH9WZeP7QxN/G/jS4jfqUkZxoryvJgVPEcrl5NL/ggHsSmLMHuH64Lhg==
  /urix/0.1.0:
    deprecated: Please see https://github.com/lydell/urix#deprecated
    dev: false
    resolution:
      integrity: sha1-2pN/emLiH+wf0Y1Js1wpNQZ6bHI=
  /use/3.1.1:
    dev: false
    engines:
      node: '>=0.10.0'
    resolution:
      integrity: sha512-cwESVXlO3url9YWlFW/TA9cshCEhtu7IKJ/p5soJ/gGpj7vbvFrAY/eIioQ6Dw23KjZhYgiIo8HOs1nQ2vr/oQ==
  /util-deprecate/1.0.2:
    dev: false
    resolution:
      integrity: sha1-RQ1Nyfpw3nMnYvvS1KKJgUGaDM8=
  /wrappy/1.0.2:
    dev: false
    resolution:
      integrity: sha1-tSQ9jz7BqjXxNkYFvA0QNuMKtp8=
specifiers:
  '@cush/exec': ^1.6.4
  '@ople/config': link:../config
  '@types/debounce': ^1.2.0
  '@types/dedent': ^0.7.0
  '@types/node': ^14.14.25
  '@types/prettier': ^2.0.2
  '@types/source-map-support': ^0.5.2
  ansi-italic: ^0.1.1
  cac: ^6.0.0
  chokidar: ^3.4.1
  debounce: ^1.2.0
  dedent: ^0.7.0
  enquirer: ^2.3.6
  is: npm:@alloc/is@^2.1.1
  lodge: ^0.1.7
  saxon: ^0.2.10
  smart-restart: ^2.4.0
  source-map-support: ^0.5.19
  sucrase: ^3.15.0
  ts-morph: ^7.1.2
  uid: ^1.0.0
