lockfileVersion: 5.3

specifiers:
  '@alloc/is': ^2.1.1
  '@alloc/is-dev': ^1.2.2
  '@alloc/types': ^1.3.0
  '@fanoutio/grip': ^2.1.1
  '@ople/nason': link:../nason
  '@types/node': ^14.0.26
  ansi-italic: ^0.1.1
  create-server: npm:@cush/create-server@^1.0.4
  lodge: ^0.1.4
  md5-hex: ^3.0.0
  ople-db: link:../../vendor/ople-db
  raw-body: ^2.4.1
  tnetstring: link:../tnetstring
  zeromq: ^5.2.8
  zod: ^3.8.1

dependencies:
  '@alloc/is': 2.1.2
  '@alloc/is-dev': 1.2.2
  '@alloc/types': 1.3.0
  '@fanoutio/grip': 2.1.1
  '@ople/nason': link:../nason
  ansi-italic: 0.1.1
  create-server: /@cush/create-server/1.0.4
  lodge: 0.1.7
  md5-hex: 3.0.1
  ople-db: link:../../vendor/ople-db
  raw-body: 2.4.1
  tnetstring: link:../tnetstring
  zeromq: 5.2.8
  zod: 3.8.1

devDependencies:
  '@types/node': 14.14.25

packages:

  /@alloc/is-dev/1.2.2:
    resolution: {integrity: sha512-EkpBVIODXFYUWxou3xJmRD+bmwYTOYMShG0tswjZ6uv0k7INOzXzp/uyjOdSZ4K9ygp8mNCLOxjCkiRfd7TDYA==}
    dev: false

  /@alloc/is/2.1.2:
    resolution: {integrity: sha512-/qJui7XCIMEDOzpMPZUXYTy4hHdBKsx6sQnSDIOw8cFW/BL4AqZSt0B/DkB+eW9PDa0zD27zp7jyziQfeaYycQ==}
    dev: false

  /@alloc/types/1.3.0:
    resolution: {integrity: sha512-mH7LiFiq9g6rX2tvt1LtwsclfG5hnsmtIfkZiauAGrm1AwXhoRS0sF2WrN9JGN7eV5vFXqNaB0eXZ3IvMsVi9g==}
    dev: false

  /@cush/create-server/1.0.4:
    resolution: {integrity: sha512-9yCDUyatmMHIdDW0EXlqU72Gp42GJdtWqmSh0nuPzz5YeKbQrmCvXuONW7wJyg8VktpT/GKh8RoM6P2d8SHTjA==}
    dependencies:
      connected: 0.0.2
    dev: false

  /@fanoutio/grip/2.1.1:
    resolution: {integrity: sha512-RCCTuprJ+gbYVozJzKvzwdfLQdz2+hCBUtqQDyYe1tfwwscdYSx8370voJ5WiM6N9frcDqZaFTvej1WoouE/xg==}
    engines: {node: '>=1.5.0'}
    dependencies:
      '@fanoutio/pubcontrol': 2.1.5
      jspack: 0.0.4
      jwt-simple: 0.5.6
    transitivePeerDependencies:
      - supports-color
    dev: false

  /@fanoutio/pubcontrol/2.1.5:
    resolution: {integrity: sha512-u2NRbdsVcGpaxXkz2uWKiiEVFfq8uMUdNBoysPwK+EizNDfNSiOm5Z9mr0OBUJskQiHV5EUchBDnwSQfyMcyZA==}
    dependencies:
      agentkeepalive: 4.1.4
      isomorphic-fetch: 2.2.1
      jwt-simple: 0.5.6
    transitivePeerDependencies:
      - supports-color
    dev: false

  /@types/node/14.14.25:
    resolution: {integrity: sha512-EPpXLOVqDvisVxtlbvzfyqSsFeQxltFbluZNRndIb8tr9KiBnYNLzrc1N3pyKUCww2RNrfHDViqDWWE1LCJQtQ==}
    dev: true

  /agentkeepalive/4.1.4:
    resolution: {integrity: sha512-+V/rGa3EuU74H6wR04plBb7Ks10FbtUQgRj/FQOG7uUIEuaINI+AiqJR1k6t3SVNs7o7ZjIdus6706qqzVq8jQ==}
    engines: {node: '>= 8.0.0'}
    dependencies:
      debug: 4.3.1
      depd: 1.1.2
      humanize-ms: 1.2.1
    transitivePeerDependencies:
      - supports-color
    dev: false

  /ansi-italic/0.1.1:
    resolution: {integrity: sha1-EEdDRj9iXBQqA2c5z4XtpoiYbyM=}
    engines: {node: '>=0.10.0'}
    dependencies:
      ansi-wrap: 0.1.0
    dev: false

  /ansi-wrap/0.1.0:
    resolution: {integrity: sha1-qCJQ3bABXponyoLoLqYDu/pF768=}
    engines: {node: '>=0.10.0'}
    dev: false

  /blueimp-md5/2.18.0:
    resolution: {integrity: sha512-vE52okJvzsVWhcgUHOv+69OG3Mdg151xyn41aVQN/5W5S+S43qZhxECtYLAEHMSFWX6Mv5IZrzj3T5+JqXfj5Q==}
    dev: false

  /bytes/3.1.0:
    resolution: {integrity: sha512-zauLjrfCG+xvoyaqLoV8bLVXXNGC4JqlxFCutSDWA6fJrTo2ZuvLYTqZ7aHBLZSMOopbzwv8f+wZcVzfVTI2Dg==}
    engines: {node: '>= 0.8'}
    dev: false

  /connected/0.0.2:
    resolution: {integrity: sha1-e1dVshbOMf+rzMOOn04d/Bw7fG0=}
    dev: false

  /debug/4.3.1:
    resolution: {integrity: sha512-doEwdvm4PCeK4K3RQN2ZC2BYUBaxwLARCqZmMjtF8a51J2Rb0xpVloFRnCODwqjpwnAoao4pelN8l3RJdv3gRQ==}
    engines: {node: '>=6.0'}
    peerDependencies:
      supports-color: '*'
    peerDependenciesMeta:
      supports-color:
        optional: true
    dependencies:
      ms: 2.1.2
    dev: false

  /depd/1.1.2:
    resolution: {integrity: sha1-m81S4UwJd2PnSbJ0xDRu0uVgtak=}
    engines: {node: '>= 0.6'}
    dev: false

  /encoding/0.1.13:
    resolution: {integrity: sha512-ETBauow1T35Y/WZMkio9jiM0Z5xjHHmJ4XmjZOq1l/dXz3lr2sRn87nJy20RupqSh1F2m3HHPSp8ShIPQJrJ3A==}
    dependencies:
      iconv-lite: 0.6.2
    dev: false

  /has-flag/3.0.0:
    resolution: {integrity: sha1-tdRU3CGZriJWmfNGfloH87lVuv0=}
    engines: {node: '>=4'}
    dev: false

  /http-errors/1.7.3:
    resolution: {integrity: sha512-ZTTX0MWrsQ2ZAhA1cejAwDLycFsd7I7nVtnkT3Ol0aqodaKW+0CTZDQ1uBv5whptCnc8e8HeRRJxRs0kmm/Qfw==}
    engines: {node: '>= 0.6'}
    dependencies:
      depd: 1.1.2
      inherits: 2.0.4
      setprototypeof: 1.1.1
      statuses: 1.5.0
      toidentifier: 1.0.0
    dev: false

  /humanize-ms/1.2.1:
    resolution: {integrity: sha1-xG4xWaKT9riW2ikxbYtv6Lt5u+0=}
    dependencies:
      ms: 2.1.3
    dev: false

  /iconv-lite/0.4.24:
    resolution: {integrity: sha512-v3MXnZAcvnywkTUEZomIActle7RXXeedOR31wwl7VlyoXO4Qi9arvSenNQWne1TcRwhCL1HwLI21bEqdpj8/rA==}
    engines: {node: '>=0.10.0'}
    dependencies:
      safer-buffer: 2.1.2
    dev: false

  /iconv-lite/0.6.2:
    resolution: {integrity: sha512-2y91h5OpQlolefMPmUlivelittSWy0rP+oYVpn6A7GwVHNE8AWzoYOBNmlwks3LobaJxgHCYZAnyNo2GgpNRNQ==}
    engines: {node: '>=0.10.0'}
    dependencies:
      safer-buffer: 2.1.2
    dev: false

  /inherits/2.0.4:
    resolution: {integrity: sha512-k/vGaX4/Yla3WzyMCvTQOXYeIHvqOKtnqBduzTHpzpQZzAskKMhZ2K+EnBiSM9zGSoIFeMpXKxa4dYeZIQqewQ==}
    dev: false

  /is-stream/1.1.0:
    resolution: {integrity: sha1-EtSj3U5o4Lec6428hBc66A2RykQ=}
    engines: {node: '>=0.10.0'}
    dev: false

  /isomorphic-fetch/2.2.1:
    resolution: {integrity: sha1-YRrhrPFPXoH3KVB0coGf6XM1WKk=}
    dependencies:
      node-fetch: 1.7.3
      whatwg-fetch: 3.5.0
    dev: false

  /jspack/0.0.4:
    resolution: {integrity: sha1-Mt01x/3LPjRWwY+7fvntC8YjgXc=}
    dev: false

  /jwt-simple/0.5.6:
    resolution: {integrity: sha512-40aUybvhH9t2h71ncA1/1SbtTNCVZHgsTsTgqPUxGWDmUDrXyDf2wMNQKEbdBjbf4AI+fQhbECNTV6lWxQKUzg==}
    engines: {node: '>= 0.4.0'}
    dev: false

  /lodge/0.1.7:
    resolution: {integrity: sha512-FILl/6cIFPRtBqwIELLzoRSfr9EACaNa6udjJ8+H90XgZA4qilZaA6r5aIzdU9O6C5QSOsKmmbABL5R0J1S1fA==}
    dependencies:
      has-flag: 3.0.0
    dev: false

  /md5-hex/3.0.1:
    resolution: {integrity: sha512-BUiRtTtV39LIJwinWBjqVsU9xhdnz7/i889V859IBFpuqGAj6LuOvHv5XLbgZ2R7ptJoJaEcxkv88/h25T7Ciw==}
    engines: {node: '>=8'}
    dependencies:
      blueimp-md5: 2.18.0
    dev: false

  /ms/2.1.2:
    resolution: {integrity: sha512-sGkPx+VjMtmA6MX27oA4FBFELFCZZ4S4XqeGOXCv68tT+jb3vk/RyaKWP0PTKyWtmLSM0b+adUTEvbs1PEaH2w==}
    dev: false

  /ms/2.1.3:
    resolution: {integrity: sha512-6FlzubTLZG3J2a/NVCAleEhjzq5oxgHyaCU9yYXvcLsvoVaHJq/s5xXI6/XXP6tz7R9xAOtHnSO/tXtF3WRTlA==}
    dev: false

  /nan/2.14.2:
    resolution: {integrity: sha512-M2ufzIiINKCuDfBSAUr1vWQ+vuVcA9kqx8JJUsbQi6yf1uGRyb7HfpdfUr5qLXf3B/t8dPvcjhKMmlfnP47EzQ==}
    dev: false

  /node-fetch/1.7.3:
    resolution: {integrity: sha512-NhZ4CsKx7cYm2vSrBAr2PvFOe6sWDf0UYLRqA6svUYg7+/TSfVAu49jYC4BvQ4Sms9SZgdqGBgroqfDhJdTyKQ==}
    dependencies:
      encoding: 0.1.13
      is-stream: 1.1.0
    dev: false

  /node-gyp-build/4.2.3:
    resolution: {integrity: sha512-MN6ZpzmfNCRM+3t57PTJHgHyw/h4OWnZ6mR8P5j/uZtqQr46RRuDE/P+g3n0YR/AiYXeWixZZzaip77gdICfRg==}
    hasBin: true
    dev: false

  /raw-body/2.4.1:
    resolution: {integrity: sha512-9WmIKF6mkvA0SLmA2Knm9+qj89e+j1zqgyn8aXGd7+nAduPoqgI9lO57SAZNn/Byzo5P7JhXTyg9PzaJbH73bA==}
    engines: {node: '>= 0.8'}
    dependencies:
      bytes: 3.1.0
      http-errors: 1.7.3
      iconv-lite: 0.4.24
      unpipe: 1.0.0
    dev: false

  /safer-buffer/2.1.2:
    resolution: {integrity: sha512-YZo3K82SD7Riyi0E1EQPojLz7kpepnSQI9IyPbHHg1XXXevb5dJI7tpyN2ADxGcQbHG7vcyRHk0cbwqcQriUtg==}
    dev: false

  /setprototypeof/1.1.1:
    resolution: {integrity: sha512-JvdAWfbXeIGaZ9cILp38HntZSFSo3mWg6xGcJJsd+d4aRMOqauag1C63dJfDw7OaMYwEbHMOxEZ1lqVRYP2OAw==}
    dev: false

  /statuses/1.5.0:
    resolution: {integrity: sha1-Fhx9rBd2Wf2YEfQ3cfqZOBR4Yow=}
    engines: {node: '>= 0.6'}
    dev: false

  /toidentifier/1.0.0:
    resolution: {integrity: sha512-yaOH/Pk/VEhBWWTlhI+qXxDFXlejDGcQipMlyxda9nthulaxLZUNcUqFxokp0vcYnvteJln5FNQDRrxj3YcbVw==}
    engines: {node: '>=0.6'}
    dev: false

  /unpipe/1.0.0:
    resolution: {integrity: sha1-sr9O6FFKrmFltIF4KdIbLvSZBOw=}
    engines: {node: '>= 0.8'}
    dev: false

  /whatwg-fetch/3.5.0:
    resolution: {integrity: sha512-jXkLtsR42xhXg7akoDKvKWE40eJeI+2KZqcp2h3NsOrRnDvtWX36KcKl30dy+hxECivdk2BVUHVNrPtoMBUx6A==}
    dev: false

  /zeromq/5.2.8:
    resolution: {integrity: sha512-bXzsk7KOmgLSv1tC0Ms1VXBy90+Rz27ZYf27cLuldRYbpqYpuWJfxxHFhO710t22zgWBnmdUP0m3SKFpLI0u5g==}
    engines: {node: '>=6.0'}
    requiresBuild: true
    dependencies:
      nan: 2.14.2
      node-gyp-build: 4.2.3
    dev: false

  /zod/3.8.1:
    resolution: {integrity: sha512-u4Uodl7dLh8nXZwqXL1SM5FAl5b4lXYHOxMUVb9lqhlEAZhA2znX+0oW480m0emGFMxpoRHzUncAqRkc4h8ZJA==}
    dev: false
